
Microsoft Visual Studio Solution File, Format Version 11.00
# Visual Studio 2010
Project("{54435603-DBB4-11D2-8724-00A0C9A8B90C}") = "Feedling_Installer_x86", "Feedling_Installer\Feedling_Installer.vdproj", "{2DCED79A-6770-4798-BC8D-31BD3D20D510}"
EndProject
Project("{FAE04EC0-301F-11D3-BF4B-00C04F79EFBC}") = "FeedHanderPluginInterface", "FeedHanderPluginInterface\FeedHanderPluginInterface.csproj", "{7DDEB766-D7C1-43B0-A966-8CF5488DA037}"
EndProject
Project("{FAE04EC0-301F-11D3-BF4B-00C04F79EFBC}") = "RssFeed", "RSSFeed\RssFeed.csproj", "{7798F19D-8C5C-438B-9200-4FE471A16773}"
EndProject
Project("{FAE04EC0-301F-11D3-BF4B-00C04F79EFBC}") = "RdfFeed", "RDFFeed\RdfFeed.csproj", "{2F8F5813-B182-4CAC-9EEC-C9307D0AF23E}"
EndProject
Project("{FAE04EC0-301F-11D3-BF4B-00C04F79EFBC}") = "AtomFeed", "AtomFeed\AtomFeed.csproj", "{9C4C62FD-A798-4153-B39E-73423797F183}"
EndProject
Project("{FAE04EC0-301F-11D3-BF4B-00C04F79EFBC}") = "Feedling", "Feedling\Feedling.csproj", "{CE11F1A9-1B9C-4705-9760-06894E86608D}"
EndProject
Project("{FAE04EC0-301F-11D3-BF4B-00C04F79EFBC}") = "FeedlingTests", "FeedlingTests\FeedlingTests.csproj", "{5D935322-E4D9-4CC5-929A-415D205CAE06}"
EndProject
Project("{2150E333-8FDC-42A3-9474-1A3956D46DE8}") = "Solution Items", "Solution Items", "{9B6D3B81-BAB5-49FF-8F2D-497A3A538E91}"
	ProjectSection(SolutionItems) = preProject
		Feedling.vsmdi = Feedling.vsmdi
		Local.testsettings = Local.testsettings
		TraceAndTestImpact.testsettings = TraceAndTestImpact.testsettings
	EndProjectSection
EndProject
Project("{54435603-DBB4-11D2-8724-00A0C9A8B90C}") = "Feedling_Installer_x64", "Feedling_Installer_x64\Feedling_Installer_x64.vdproj", "{9E418DEE-CF8C-4E60-B16B-3F29F0AE678D}"
EndProject
Global
	GlobalSection(TestCaseManagementSettings) = postSolution
		CategoryFile = Feedling.vsmdi
	EndGlobalSection
	GlobalSection(SolutionConfigurationPlatforms) = preSolution
		Debug|Any CPU = Debug|Any CPU
		Debug|Mixed Platforms = Debug|Mixed Platforms
		Debug|x64 = Debug|x64
		Debug|x86 = Debug|x86
		Release|Any CPU = Release|Any CPU
		Release|Mixed Platforms = Release|Mixed Platforms
		Release|x64 = Release|x64
		Release|x86 = Release|x86
	EndGlobalSection
	GlobalSection(ProjectConfigurationPlatforms) = postSolution
		{2DCED79A-6770-4798-BC8D-31BD3D20D510}.Debug|Any CPU.ActiveCfg = Debug
		{2DCED79A-6770-4798-BC8D-31BD3D20D510}.Debug|Mixed Platforms.ActiveCfg = Debug
		{2DCED79A-6770-4798-BC8D-31BD3D20D510}.Debug|x64.ActiveCfg = Debug
		{2DCED79A-6770-4798-BC8D-31BD3D20D510}.Debug|x86.ActiveCfg = Debug
		{2DCED79A-6770-4798-BC8D-31BD3D20D510}.Release|Any CPU.ActiveCfg = Release
		{2DCED79A-6770-4798-BC8D-31BD3D20D510}.Release|Any CPU.Build.0 = Release
		{2DCED79A-6770-4798-BC8D-31BD3D20D510}.Release|Mixed Platforms.ActiveCfg = Release
		{2DCED79A-6770-4798-BC8D-31BD3D20D510}.Release|Mixed Platforms.Build.0 = Release
		{2DCED79A-6770-4798-BC8D-31BD3D20D510}.Release|x64.ActiveCfg = Release
		{2DCED79A-6770-4798-BC8D-31BD3D20D510}.Release|x64.Build.0 = Release
		{2DCED79A-6770-4798-BC8D-31BD3D20D510}.Release|x86.ActiveCfg = Release
		{2DCED79A-6770-4798-BC8D-31BD3D20D510}.Release|x86.Build.0 = Release
		{7DDEB766-D7C1-43B0-A966-8CF5488DA037}.Debug|Any CPU.ActiveCfg = Debug|Any CPU
		{7DDEB766-D7C1-43B0-A966-8CF5488DA037}.Debug|Any CPU.Build.0 = Debug|Any CPU
		{7DDEB766-D7C1-43B0-A966-8CF5488DA037}.Debug|Mixed Platforms.ActiveCfg = Debug|Any CPU
		{7DDEB766-D7C1-43B0-A966-8CF5488DA037}.Debug|Mixed Platforms.Build.0 = Debug|Any CPU
		{7DDEB766-D7C1-43B0-A966-8CF5488DA037}.Debug|x64.ActiveCfg = Debug|x64
		{7DDEB766-D7C1-43B0-A966-8CF5488DA037}.Debug|x64.Build.0 = Debug|x64
		{7DDEB766-D7C1-43B0-A966-8CF5488DA037}.Debug|x86.ActiveCfg = Debug|Any CPU
		{7DDEB766-D7C1-43B0-A966-8CF5488DA037}.Debug|x86.Build.0 = Debug|Any CPU
		{7DDEB766-D7C1-43B0-A966-8CF5488DA037}.Release|Any CPU.ActiveCfg = Release|Any CPU
		{7DDEB766-D7C1-43B0-A966-8CF5488DA037}.Release|Any CPU.Build.0 = Release|Any CPU
		{7DDEB766-D7C1-43B0-A966-8CF5488DA037}.Release|Mixed Platforms.ActiveCfg = Release|Any CPU
		{7DDEB766-D7C1-43B0-A966-8CF5488DA037}.Release|Mixed Platforms.Build.0 = Release|Any CPU
		{7DDEB766-D7C1-43B0-A966-8CF5488DA037}.Release|x64.ActiveCfg = Release|x64
		{7DDEB766-D7C1-43B0-A966-8CF5488DA037}.Release|x86.ActiveCfg = Release|Any CPU
		{7798F19D-8C5C-438B-9200-4FE471A16773}.Debug|Any CPU.ActiveCfg = Debug|Any CPU
		{7798F19D-8C5C-438B-9200-4FE471A16773}.Debug|Any CPU.Build.0 = Debug|Any CPU
		{7798F19D-8C5C-438B-9200-4FE471A16773}.Debug|Mixed Platforms.ActiveCfg = Debug|Any CPU
		{7798F19D-8C5C-438B-9200-4FE471A16773}.Debug|Mixed Platforms.Build.0 = Debug|Any CPU
		{7798F19D-8C5C-438B-9200-4FE471A16773}.Debug|x64.ActiveCfg = Debug|x64
		{7798F19D-8C5C-438B-9200-4FE471A16773}.Debug|x64.Build.0 = Debug|x64
		{7798F19D-8C5C-438B-9200-4FE471A16773}.Debug|x86.ActiveCfg = Debug|Any CPU
		{7798F19D-8C5C-438B-9200-4FE471A16773}.Debug|x86.Build.0 = Debug|Any CPU
		{7798F19D-8C5C-438B-9200-4FE471A16773}.Release|Any CPU.ActiveCfg = Release|Any CPU
		{7798F19D-8C5C-438B-9200-4FE471A16773}.Release|Any CPU.Build.0 = Release|Any CPU
		{7798F19D-8C5C-438B-9200-4FE471A16773}.Release|Mixed Platforms.ActiveCfg = Release|Any CPU
		{7798F19D-8C5C-438B-9200-4FE471A16773}.Release|Mixed Platforms.Build.0 = Release|Any CPU
		{7798F19D-8C5C-438B-9200-4FE471A16773}.Release|x64.ActiveCfg = Release|x64
		{7798F19D-8C5C-438B-9200-4FE471A16773}.Release|x86.ActiveCfg = Release|Any CPU
		{2F8F5813-B182-4CAC-9EEC-C9307D0AF23E}.Debug|Any CPU.ActiveCfg = Debug|Any CPU
		{2F8F5813-B182-4CAC-9EEC-C9307D0AF23E}.Debug|Any CPU.Build.0 = Debug|Any CPU
		{2F8F5813-B182-4CAC-9EEC-C9307D0AF23E}.Debug|Mixed Platforms.ActiveCfg = Debug|Any CPU
		{2F8F5813-B182-4CAC-9EEC-C9307D0AF23E}.Debug|Mixed Platforms.Build.0 = Debug|Any CPU
		{2F8F5813-B182-4CAC-9EEC-C9307D0AF23E}.Debug|x64.ActiveCfg = Debug|x64
		{2F8F5813-B182-4CAC-9EEC-C9307D0AF23E}.Debug|x64.Build.0 = Debug|x64
		{2F8F5813-B182-4CAC-9EEC-C9307D0AF23E}.Debug|x86.ActiveCfg = Debug|Any CPU
		{2F8F5813-B182-4CAC-9EEC-C9307D0AF23E}.Debug|x86.Build.0 = Debug|Any CPU
		{2F8F5813-B182-4CAC-9EEC-C9307D0AF23E}.Release|Any CPU.ActiveCfg = Release|Any CPU
		{2F8F5813-B182-4CAC-9EEC-C9307D0AF23E}.Release|Any CPU.Build.0 = Release|Any CPU
		{2F8F5813-B182-4CAC-9EEC-C9307D0AF23E}.Release|Mixed Platforms.ActiveCfg = Release|Any CPU
		{2F8F5813-B182-4CAC-9EEC-C9307D0AF23E}.Release|Mixed Platforms.Build.0 = Release|Any CPU
		{2F8F5813-B182-4CAC-9EEC-C9307D0AF23E}.Release|x64.ActiveCfg = Release|x64
		{2F8F5813-B182-4CAC-9EEC-C9307D0AF23E}.Release|x86.ActiveCfg = Release|Any CPU
		{9C4C62FD-A798-4153-B39E-73423797F183}.Debug|Any CPU.ActiveCfg = Debug|Any CPU
		{9C4C62FD-A798-4153-B39E-73423797F183}.Debug|Any CPU.Build.0 = Debug|Any CPU
		{9C4C62FD-A798-4153-B39E-73423797F183}.Debug|Mixed Platforms.ActiveCfg = Debug|Any CPU
		{9C4C62FD-A798-4153-B39E-73423797F183}.Debug|Mixed Platforms.Build.0 = Debug|Any CPU
		{9C4C62FD-A798-4153-B39E-73423797F183}.Debug|x64.ActiveCfg = Debug|x64
		{9C4C62FD-A798-4153-B39E-73423797F183}.Debug|x64.Build.0 = Debug|x64
		{9C4C62FD-A798-4153-B39E-73423797F183}.Debug|x86.ActiveCfg = Debug|Any CPU
		{9C4C62FD-A798-4153-B39E-73423797F183}.Debug|x86.Build.0 = Debug|Any CPU
		{9C4C62FD-A798-4153-B39E-73423797F183}.Release|Any CPU.ActiveCfg = Release|Any CPU
		{9C4C62FD-A798-4153-B39E-73423797F183}.Release|Any CPU.Build.0 = Release|Any CPU
		{9C4C62FD-A798-4153-B39E-73423797F183}.Release|Mixed Platforms.ActiveCfg = Release|Any CPU
		{9C4C62FD-A798-4153-B39E-73423797F183}.Release|Mixed Platforms.Build.0 = Release|Any CPU
		{9C4C62FD-A798-4153-B39E-73423797F183}.Release|x64.ActiveCfg = Release|x64
		{9C4C62FD-A798-4153-B39E-73423797F183}.Release|x64.Build.0 = Release|x64
		{9C4C62FD-A798-4153-B39E-73423797F183}.Release|x86.ActiveCfg = Release|Any CPU
		{CE11F1A9-1B9C-4705-9760-06894E86608D}.Debug|Any CPU.ActiveCfg = Debug|Any CPU
		{CE11F1A9-1B9C-4705-9760-06894E86608D}.Debug|Any CPU.Build.0 = Debug|Any CPU
		{CE11F1A9-1B9C-4705-9760-06894E86608D}.Debug|Mixed Platforms.ActiveCfg = Debug|Any CPU
		{CE11F1A9-1B9C-4705-9760-06894E86608D}.Debug|Mixed Platforms.Build.0 = Debug|Any CPU
		{CE11F1A9-1B9C-4705-9760-06894E86608D}.Debug|x64.ActiveCfg = Debug|x64
		{CE11F1A9-1B9C-4705-9760-06894E86608D}.Debug|x64.Build.0 = Debug|x64
		{CE11F1A9-1B9C-4705-9760-06894E86608D}.Debug|x86.ActiveCfg = Debug|Any CPU
		{CE11F1A9-1B9C-4705-9760-06894E86608D}.Debug|x86.Build.0 = Debug|Any CPU
		{CE11F1A9-1B9C-4705-9760-06894E86608D}.Release|Any CPU.ActiveCfg = Release|Any CPU
		{CE11F1A9-1B9C-4705-9760-06894E86608D}.Release|Any CPU.Build.0 = Release|Any CPU
		{CE11F1A9-1B9C-4705-9760-06894E86608D}.Release|Mixed Platforms.ActiveCfg = Release|Any CPU
		{CE11F1A9-1B9C-4705-9760-06894E86608D}.Release|Mixed Platforms.Build.0 = Release|Any CPU
		{CE11F1A9-1B9C-4705-9760-06894E86608D}.Release|x64.ActiveCfg = Release|x64
		{CE11F1A9-1B9C-4705-9760-06894E86608D}.Release|x86.ActiveCfg = Release|Any CPU
		{5D935322-E4D9-4CC5-929A-415D205CAE06}.Debug|Any CPU.ActiveCfg = Debug|Any CPU
		{5D935322-E4D9-4CC5-929A-415D205CAE06}.Debug|Any CPU.Build.0 = Debug|Any CPU
		{5D935322-E4D9-4CC5-929A-415D205CAE06}.Debug|Mixed Platforms.ActiveCfg = Debug|Any CPU
		{5D935322-E4D9-4CC5-929A-415D205CAE06}.Debug|Mixed Platforms.Build.0 = Debug|Any CPU
		{5D935322-E4D9-4CC5-929A-415D205CAE06}.Debug|x64.ActiveCfg = Debug|x64
		{5D935322-E4D9-4CC5-929A-415D205CAE06}.Debug|x64.Build.0 = Debug|x64
		{5D935322-E4D9-4CC5-929A-415D205CAE06}.Debug|x86.ActiveCfg = Debug|Any CPU
		{5D935322-E4D9-4CC5-929A-415D205CAE06}.Debug|x86.Build.0 = Debug|Any CPU
		{5D935322-E4D9-4CC5-929A-415D205CAE06}.Release|Any CPU.ActiveCfg = Release|Any CPU
		{5D935322-E4D9-4CC5-929A-415D205CAE06}.Release|Any CPU.Build.0 = Release|Any CPU
		{5D935322-E4D9-4CC5-929A-415D205CAE06}.Release|Mixed Platforms.ActiveCfg = Release|Any CPU
		{5D935322-E4D9-4CC5-929A-415D205CAE06}.Release|Mixed Platforms.Build.0 = Release|Any CPU
		{5D935322-E4D9-4CC5-929A-415D205CAE06}.Release|x64.ActiveCfg = Release|x64
		{5D935322-E4D9-4CC5-929A-415D205CAE06}.Release|x86.ActiveCfg = Release|Any CPU
		{9E418DEE-CF8C-4E60-B16B-3F29F0AE678D}.Debug|Any CPU.ActiveCfg = Debug
		{9E418DEE-CF8C-4E60-B16B-3F29F0AE678D}.Debug|Mixed Platforms.ActiveCfg = Debug
		{9E418DEE-CF8C-4E60-B16B-3F29F0AE678D}.Debug|x64.ActiveCfg = Debug
		{9E418DEE-CF8C-4E60-B16B-3F29F0AE678D}.Debug|x86.ActiveCfg = Debug
		{9E418DEE-CF8C-4E60-B16B-3F29F0AE678D}.Release|Any CPU.ActiveCfg = Release
		{9E418DEE-CF8C-4E60-B16B-3F29F0AE678D}.Release|Mixed Platforms.ActiveCfg = Release
		{9E418DEE-CF8C-4E60-B16B-3F29F0AE678D}.Release|x64.ActiveCfg = Release
		{9E418DEE-CF8C-4E60-B16B-3F29F0AE678D}.Release|x86.ActiveCfg = Release
	EndGlobalSection
	GlobalSection(SolutionProperties) = preSolution
		HideSolutionNode = FALSE
	EndGlobalSection
EndGlobal
