
Microsoft Visual Studio Solution File, Format Version 11.00
# Visual Studio 2010
Project("{54435603-DBB4-11D2-8724-00A0C9A8B90C}") = "Feedling_Installer", "Feedling_Installer\Feedling_Installer.vdproj", "{2DCED79A-6770-4798-BC8D-31BD3D20D510}"
EndProject
Project("{FAE04EC0-301F-11D3-BF4B-00C04F79EFBC}") = "FeedHanderPluginInterface", "FeedHanderPluginInterface\FeedHanderPluginInterface.csproj", "{7DDEB766-D7C1-43B0-A966-8CF5488DA037}"
EndProject
Project("{FAE04EC0-301F-11D3-BF4B-00C04F79EFBC}") = "RssFeed", "RSSFeed\RssFeed.csproj", "{7798F19D-8C5C-438B-9200-4FE471A16773}"
EndProject
Project("{FAE04EC0-301F-11D3-BF4B-00C04F79EFBC}") = "RdfFeed", "RDFFeed\RdfFeed.csproj", "{2F8F5813-B182-4CAC-9EEC-C9307D0AF23E}"
EndProject
Project("{FAE04EC0-301F-11D3-BF4B-00C04F79EFBC}") = "AtomFeed", "AtomFeed\AtomFeed.csproj", "{9C4C62FD-A798-4153-B39E-73423797F183}"
EndProject
Project("{FAE04EC0-301F-11D3-BF4B-00C04F79EFBC}") = "Feedling", "Feedling\Feedling.csproj", "{CE11F1A9-1B9C-4705-9760-06894E86608D}"
EndProject
Global
	GlobalSection(SolutionConfigurationPlatforms) = preSolution
		Debug|Any CPU = Debug|Any CPU
		Release|Any CPU = Release|Any CPU
	EndGlobalSection
	GlobalSection(ProjectConfigurationPlatforms) = postSolution
		{2DCED79A-6770-4798-BC8D-31BD3D20D510}.Debug|Any CPU.ActiveCfg = Debug
		{2DCED79A-6770-4798-BC8D-31BD3D20D510}.Release|Any CPU.ActiveCfg = Release
		{2DCED79A-6770-4798-BC8D-31BD3D20D510}.Release|Any CPU.Build.0 = Release
		{7DDEB766-D7C1-43B0-A966-8CF5488DA037}.Debug|Any CPU.ActiveCfg = Debug|Any CPU
		{7DDEB766-D7C1-43B0-A966-8CF5488DA037}.Debug|Any CPU.Build.0 = Debug|Any CPU
		{7DDEB766-D7C1-43B0-A966-8CF5488DA037}.Release|Any CPU.ActiveCfg = Release|Any CPU
		{7DDEB766-D7C1-43B0-A966-8CF5488DA037}.Release|Any CPU.Build.0 = Release|Any CPU
		{7798F19D-8C5C-438B-9200-4FE471A16773}.Debug|Any CPU.ActiveCfg = Debug|Any CPU
		{7798F19D-8C5C-438B-9200-4FE471A16773}.Debug|Any CPU.Build.0 = Debug|Any CPU
		{7798F19D-8C5C-438B-9200-4FE471A16773}.Release|Any CPU.ActiveCfg = Release|Any CPU
		{7798F19D-8C5C-438B-9200-4FE471A16773}.Release|Any CPU.Build.0 = Release|Any CPU
		{2F8F5813-B182-4CAC-9EEC-C9307D0AF23E}.Debug|Any CPU.ActiveCfg = Debug|Any CPU
		{2F8F5813-B182-4CAC-9EEC-C9307D0AF23E}.Debug|Any CPU.Build.0 = Debug|Any CPU
		{2F8F5813-B182-4CAC-9EEC-C9307D0AF23E}.Release|Any CPU.ActiveCfg = Release|Any CPU
		{2F8F5813-B182-4CAC-9EEC-C9307D0AF23E}.Release|Any CPU.Build.0 = Release|Any CPU
		{9C4C62FD-A798-4153-B39E-73423797F183}.Debug|Any CPU.ActiveCfg = Debug|Any CPU
		{9C4C62FD-A798-4153-B39E-73423797F183}.Debug|Any CPU.Build.0 = Debug|Any CPU
		{9C4C62FD-A798-4153-B39E-73423797F183}.Release|Any CPU.ActiveCfg = Release|Any CPU
		{9C4C62FD-A798-4153-B39E-73423797F183}.Release|Any CPU.Build.0 = Release|Any CPU
		{CE11F1A9-1B9C-4705-9760-06894E86608D}.Debug|Any CPU.ActiveCfg = Debug|Any CPU
		{CE11F1A9-1B9C-4705-9760-06894E86608D}.Debug|Any CPU.Build.0 = Debug|Any CPU
		{CE11F1A9-1B9C-4705-9760-06894E86608D}.Release|Any CPU.ActiveCfg = Release|Any CPU
		{CE11F1A9-1B9C-4705-9760-06894E86608D}.Release|Any CPU.Build.0 = Release|Any CPU
	EndGlobalSection
	GlobalSection(SolutionProperties) = preSolution
		HideSolutionNode = FALSE
	EndGlobalSection
EndGlobal
